
Microsoft Visual Studio Solution File, Format Version 12.00
# Visual Studio Version 16
VisualStudioVersion = 16.0.30804.86
MinimumVisualStudioVersion = 10.0.40219.1
Project("{FAE04EC0-301F-11D3-BF4B-00C04F79EFBC}") = "超市收银系统", "超市收银系统\超市收银系统.csproj", "{4417062E-7B90-4705-94F7-565628575804}"
EndProject
Global
	GlobalSection(SolutionConfigurationPlatforms) = preSolution
		Debug|Any CPU = Debug|Any CPU
		Release|Any CPU = Release|Any CPU
	EndGlobalSection
	GlobalSection(ProjectConfigurationPlatforms) = postSolution
		{4417062E-7B90-4705-94F7-565628575804}.Debug|Any CPU.ActiveCfg = Debug|Any CPU
		{4417062E-7B90-4705-94F7-565628575804}.Debug|Any CPU.Build.0 = Debug|Any CPU
		{4417062E-7B90-4705-94F7-565628575804}.Release|Any CPU.ActiveCfg = Release|Any CPU
		{4417062E-7B90-4705-94F7-565628575804}.Release|Any CPU.Build.0 = Release|Any CPU
	EndGlobalSection
	GlobalSection(SolutionProperties) = preSolution
		HideSolutionNode = FALSE
	EndGlobalSection
	GlobalSection(ExtensibilityGlobals) = postSolution
		SolutionGuid = {1F2CB371-8FB1-4269-9956-C98344CEC602}
	EndGlobalSection
EndGlobal
